
Microsoft Visual Studio Solution File, Format Version 12.00
# Visual Studio Version 17
VisualStudioVersion = 17.11.35219.272
MinimumVisualStudioVersion = 10.0.40219.1
Project("{9A19103F-16F7-4668-BE54-9A1E7A4F7556}") = "SRVCWebApi", "SRVCWebApi\SRVCWebApi.csproj", "{83708DAB-25E1-43D4-9AB1-A269E612359C}"
EndProject
Project("{9A19103F-16F7-4668-BE54-9A1E7A4F7556}") = "SRVCWinForms", "SRVCWinForms\SRVCWinForms.csproj", "{6CF5EC51-2D2A-4180-B3DA-11FD886DD37A}"
	ProjectSection(ProjectDependencies) = postProject
		{83708DAB-25E1-43D4-9AB1-A269E612359C} = {83708DAB-25E1-43D4-9AB1-A269E612359C}
	EndProjectSection
EndProject
Global
	GlobalSection(SolutionConfigurationPlatforms) = preSolution
		Debug|Any CPU = Debug|Any CPU
		Release|Any CPU = Release|Any CPU
	EndGlobalSection
	GlobalSection(ProjectConfigurationPlatforms) = postSolution
		{83708DAB-25E1-43D4-9AB1-A269E612359C}.Debug|Any CPU.ActiveCfg = Debug|Any CPU
		{83708DAB-25E1-43D4-9AB1-A269E612359C}.Debug|Any CPU.Build.0 = Debug|Any CPU
		{83708DAB-25E1-43D4-9AB1-A269E612359C}.Release|Any CPU.ActiveCfg = Release|Any CPU
		{83708DAB-25E1-43D4-9AB1-A269E612359C}.Release|Any CPU.Build.0 = Release|Any CPU
		{6CF5EC51-2D2A-4180-B3DA-11FD886DD37A}.Debug|Any CPU.ActiveCfg = Debug|Any CPU
		{6CF5EC51-2D2A-4180-B3DA-11FD886DD37A}.Debug|Any CPU.Build.0 = Debug|Any CPU
		{6CF5EC51-2D2A-4180-B3DA-11FD886DD37A}.Release|Any CPU.ActiveCfg = Release|Any CPU
		{6CF5EC51-2D2A-4180-B3DA-11FD886DD37A}.Release|Any CPU.Build.0 = Release|Any CPU
	EndGlobalSection
	GlobalSection(SolutionProperties) = preSolution
		HideSolutionNode = FALSE
	EndGlobalSection
	GlobalSection(ExtensibilityGlobals) = postSolution
		SolutionGuid = {DEBEDD29-B6DA-4867-9B1D-EB2F8FFAF2AB}
	EndGlobalSection
EndGlobal
